
Microsoft Visual Studio Solution File, Format Version 12.00
# Visual Studio Version 16
VisualStudioVersion = 16.0.28922.388
MinimumVisualStudioVersion = 10.0.40219.1
Project("{FAE04EC0-301F-11D3-BF4B-00C04F79EFBC}") = "portal", "portal.csproj", "{9FDFFF8A-9AE8-4505-BE58-04FA92D2A10B}"
EndProject
Project("{FAE04EC0-301F-11D3-BF4B-00C04F79EFBC}") = "dynamics", "..\..\interfaces\dynamics\dynamics\dynamics.csproj", "{44903818-77ED-4AC2-9458-6A615710F0CD}"
EndProject
Global
	GlobalSection(SolutionConfigurationPlatforms) = preSolution
		Debug|Any CPU = Debug|Any CPU
		Release|Any CPU = Release|Any CPU
	EndGlobalSection
	GlobalSection(ProjectConfigurationPlatforms) = postSolution
		{9FDFFF8A-9AE8-4505-BE58-04FA92D2A10B}.Debug|Any CPU.ActiveCfg = Debug|Any CPU
		{9FDFFF8A-9AE8-4505-BE58-04FA92D2A10B}.Debug|Any CPU.Build.0 = Debug|Any CPU
		{9FDFFF8A-9AE8-4505-BE58-04FA92D2A10B}.Release|Any CPU.ActiveCfg = Release|Any CPU
		{9FDFFF8A-9AE8-4505-BE58-04FA92D2A10B}.Release|Any CPU.Build.0 = Release|Any CPU
		{44903818-77ED-4AC2-9458-6A615710F0CD}.Debug|Any CPU.ActiveCfg = Debug|Any CPU
		{44903818-77ED-4AC2-9458-6A615710F0CD}.Debug|Any CPU.Build.0 = Debug|Any CPU
		{44903818-77ED-4AC2-9458-6A615710F0CD}.Release|Any CPU.ActiveCfg = Release|Any CPU
		{44903818-77ED-4AC2-9458-6A615710F0CD}.Release|Any CPU.Build.0 = Release|Any CPU
	EndGlobalSection
	GlobalSection(SolutionProperties) = preSolution
		HideSolutionNode = FALSE
	EndGlobalSection
	GlobalSection(ExtensibilityGlobals) = postSolution
		SolutionGuid = {BE461069-CB88-4B6F-AA61-46C50D51223B}
	EndGlobalSection
EndGlobal
